
Microsoft Visual Studio Solution File, Format Version 12.00
# Visual Studio Version 16
VisualStudioVersion = 16.0.32106.194
MinimumVisualStudioVersion = 10.0.40219.1
Project("{FAE04EC0-301F-11D3-BF4B-00C04F79EFBC}") = "fenetre de login", "fenetre de login\fenetre de login.csproj", "{AB479D27-A018-4CB2-BBB4-0DD1E74658AA}"
EndProject
Global
	GlobalSection(SolutionConfigurationPlatforms) = preSolution
		Debug|Any CPU = Debug|Any CPU
		Release|Any CPU = Release|Any CPU
	EndGlobalSection
	GlobalSection(ProjectConfigurationPlatforms) = postSolution
		{AB479D27-A018-4CB2-BBB4-0DD1E74658AA}.Debug|Any CPU.ActiveCfg = Debug|Any CPU
		{AB479D27-A018-4CB2-BBB4-0DD1E74658AA}.Debug|Any CPU.Build.0 = Debug|Any CPU
		{AB479D27-A018-4CB2-BBB4-0DD1E74658AA}.Release|Any CPU.ActiveCfg = Release|Any CPU
		{AB479D27-A018-4CB2-BBB4-0DD1E74658AA}.Release|Any CPU.Build.0 = Release|Any CPU
	EndGlobalSection
	GlobalSection(SolutionProperties) = preSolution
		HideSolutionNode = FALSE
	EndGlobalSection
	GlobalSection(ExtensibilityGlobals) = postSolution
		SolutionGuid = {1666BF36-6FF8-47E8-9B76-B7B5B21A1329}
	EndGlobalSection
EndGlobal
